
Microsoft Visual Studio Solution File, Format Version 12.00
# Visual Studio 15
VisualStudioVersion = 15.0.26124.0
MinimumVisualStudioVersion = 15.0.26124.0
Project("{9A19103F-16F7-4668-BE54-9A1E7A4F7556}") = "DomainModels", "DomainModels\DomainModels.csproj", "{BF229137-691A-49BA-BFFA-32B40E552CC7}"
EndProject
Project("{9A19103F-16F7-4668-BE54-9A1E7A4F7556}") = "WebStoreApp.API", "WebStoreAPP.API\WebStoreApp.API.csproj", "{57ED1121-6918-4D5F-8720-8B78F860CB51}"
EndProject
Project("{9A19103F-16F7-4668-BE54-9A1E7A4F7556}") = "WebStoreAPP.BLL", "WebStoreAPP.BLL\WebStoreAPP.BLL.csproj", "{DEE4686C-49BF-4348-8CF4-95B6C2C277F5}"
EndProject
Project("{9A19103F-16F7-4668-BE54-9A1E7A4F7556}") = "WebStoreAPP.Common", "WebStoreAPP.Common\WebStoreAPP.Common.csproj", "{73D7F6FF-2A39-4ACD-B09E-D3F3D72D4127}"
EndProject
Global
	GlobalSection(SolutionConfigurationPlatforms) = preSolution
		Debug|Any CPU = Debug|Any CPU
		Debug|x64 = Debug|x64
		Debug|x86 = Debug|x86
		Release|Any CPU = Release|Any CPU
		Release|x64 = Release|x64
		Release|x86 = Release|x86
	EndGlobalSection
	GlobalSection(ProjectConfigurationPlatforms) = postSolution
		{BF229137-691A-49BA-BFFA-32B40E552CC7}.Debug|Any CPU.ActiveCfg = Debug|Any CPU
		{BF229137-691A-49BA-BFFA-32B40E552CC7}.Debug|Any CPU.Build.0 = Debug|Any CPU
		{BF229137-691A-49BA-BFFA-32B40E552CC7}.Debug|x64.ActiveCfg = Debug|Any CPU
		{BF229137-691A-49BA-BFFA-32B40E552CC7}.Debug|x64.Build.0 = Debug|Any CPU
		{BF229137-691A-49BA-BFFA-32B40E552CC7}.Debug|x86.ActiveCfg = Debug|Any CPU
		{BF229137-691A-49BA-BFFA-32B40E552CC7}.Debug|x86.Build.0 = Debug|Any CPU
		{BF229137-691A-49BA-BFFA-32B40E552CC7}.Release|Any CPU.ActiveCfg = Release|Any CPU
		{BF229137-691A-49BA-BFFA-32B40E552CC7}.Release|Any CPU.Build.0 = Release|Any CPU
		{BF229137-691A-49BA-BFFA-32B40E552CC7}.Release|x64.ActiveCfg = Release|Any CPU
		{BF229137-691A-49BA-BFFA-32B40E552CC7}.Release|x64.Build.0 = Release|Any CPU
		{BF229137-691A-49BA-BFFA-32B40E552CC7}.Release|x86.ActiveCfg = Release|Any CPU
		{BF229137-691A-49BA-BFFA-32B40E552CC7}.Release|x86.Build.0 = Release|Any CPU
		{57ED1121-6918-4D5F-8720-8B78F860CB51}.Debug|Any CPU.ActiveCfg = Debug|Any CPU
		{57ED1121-6918-4D5F-8720-8B78F860CB51}.Debug|Any CPU.Build.0 = Debug|Any CPU
		{57ED1121-6918-4D5F-8720-8B78F860CB51}.Debug|x64.ActiveCfg = Debug|Any CPU
		{57ED1121-6918-4D5F-8720-8B78F860CB51}.Debug|x64.Build.0 = Debug|Any CPU
		{57ED1121-6918-4D5F-8720-8B78F860CB51}.Debug|x86.ActiveCfg = Debug|Any CPU
		{57ED1121-6918-4D5F-8720-8B78F860CB51}.Debug|x86.Build.0 = Debug|Any CPU
		{57ED1121-6918-4D5F-8720-8B78F860CB51}.Release|Any CPU.ActiveCfg = Release|Any CPU
		{57ED1121-6918-4D5F-8720-8B78F860CB51}.Release|Any CPU.Build.0 = Release|Any CPU
		{57ED1121-6918-4D5F-8720-8B78F860CB51}.Release|x64.ActiveCfg = Release|Any CPU
		{57ED1121-6918-4D5F-8720-8B78F860CB51}.Release|x64.Build.0 = Release|Any CPU
		{57ED1121-6918-4D5F-8720-8B78F860CB51}.Release|x86.ActiveCfg = Release|Any CPU
		{57ED1121-6918-4D5F-8720-8B78F860CB51}.Release|x86.Build.0 = Release|Any CPU
		{DEE4686C-49BF-4348-8CF4-95B6C2C277F5}.Debug|Any CPU.ActiveCfg = Debug|Any CPU
		{DEE4686C-49BF-4348-8CF4-95B6C2C277F5}.Debug|Any CPU.Build.0 = Debug|Any CPU
		{DEE4686C-49BF-4348-8CF4-95B6C2C277F5}.Debug|x64.ActiveCfg = Debug|Any CPU
		{DEE4686C-49BF-4348-8CF4-95B6C2C277F5}.Debug|x64.Build.0 = Debug|Any CPU
		{DEE4686C-49BF-4348-8CF4-95B6C2C277F5}.Debug|x86.ActiveCfg = Debug|Any CPU
		{DEE4686C-49BF-4348-8CF4-95B6C2C277F5}.Debug|x86.Build.0 = Debug|Any CPU
		{DEE4686C-49BF-4348-8CF4-95B6C2C277F5}.Release|Any CPU.ActiveCfg = Release|Any CPU
		{DEE4686C-49BF-4348-8CF4-95B6C2C277F5}.Release|Any CPU.Build.0 = Release|Any CPU
		{DEE4686C-49BF-4348-8CF4-95B6C2C277F5}.Release|x64.ActiveCfg = Release|Any CPU
		{DEE4686C-49BF-4348-8CF4-95B6C2C277F5}.Release|x64.Build.0 = Release|Any CPU
		{DEE4686C-49BF-4348-8CF4-95B6C2C277F5}.Release|x86.ActiveCfg = Release|Any CPU
		{DEE4686C-49BF-4348-8CF4-95B6C2C277F5}.Release|x86.Build.0 = Release|Any CPU
		{73D7F6FF-2A39-4ACD-B09E-D3F3D72D4127}.Debug|Any CPU.ActiveCfg = Debug|Any CPU
		{73D7F6FF-2A39-4ACD-B09E-D3F3D72D4127}.Debug|Any CPU.Build.0 = Debug|Any CPU
		{73D7F6FF-2A39-4ACD-B09E-D3F3D72D4127}.Debug|x64.ActiveCfg = Debug|Any CPU
		{73D7F6FF-2A39-4ACD-B09E-D3F3D72D4127}.Debug|x64.Build.0 = Debug|Any CPU
		{73D7F6FF-2A39-4ACD-B09E-D3F3D72D4127}.Debug|x86.ActiveCfg = Debug|Any CPU
		{73D7F6FF-2A39-4ACD-B09E-D3F3D72D4127}.Debug|x86.Build.0 = Debug|Any CPU
		{73D7F6FF-2A39-4ACD-B09E-D3F3D72D4127}.Release|Any CPU.ActiveCfg = Release|Any CPU
		{73D7F6FF-2A39-4ACD-B09E-D3F3D72D4127}.Release|Any CPU.Build.0 = Release|Any CPU
		{73D7F6FF-2A39-4ACD-B09E-D3F3D72D4127}.Release|x64.ActiveCfg = Release|Any CPU
		{73D7F6FF-2A39-4ACD-B09E-D3F3D72D4127}.Release|x64.Build.0 = Release|Any CPU
		{73D7F6FF-2A39-4ACD-B09E-D3F3D72D4127}.Release|x86.ActiveCfg = Release|Any CPU
		{73D7F6FF-2A39-4ACD-B09E-D3F3D72D4127}.Release|x86.Build.0 = Release|Any CPU
	EndGlobalSection
	GlobalSection(SolutionProperties) = preSolution
		HideSolutionNode = FALSE
	EndGlobalSection
	GlobalSection(ExtensibilityGlobals) = postSolution
		SolutionGuid = {3847ADE6-EF14-4A51-91F5-1159A9EB913D}
	EndGlobalSection
EndGlobal
